
Microsoft Visual Studio Solution File, Format Version 12.00
# Visual Studio Version 17
VisualStudioVersion = 17.0.31903.59
MinimumVisualStudioVersion = 10.0.40219.1
Project("{2150E333-8FDC-42A3-9474-1A3956D46DE8}") = "src", "src", "{827E0CD3-B72D-47B6-A68D-7590B98EB39B}"
EndProject
Project("{FAE04EC0-301F-11D3-BF4B-00C04F79EFBC}") = "Stringly", "src\Stringly\Stringly.csproj", "{A170D0D9-15B1-46A4-9E14-406E3F123887}"
EndProject
Project("{FAE04EC0-301F-11D3-BF4B-00C04F79EFBC}") = "Stringly.Nato", "src\Stringly.Nato\Stringly.Nato.csproj", "{B130F6F0-7DA6-4A64-8085-D982E19AF7A3}"
EndProject
Project("{FAE04EC0-301F-11D3-BF4B-00C04F79EFBC}") = "Stringly.Greek", "src\Stringly.Greek\Stringly.Greek.csproj", "{DCF513AD-D9BE-4D93-99FA-DEF214A683BB}"
EndProject
Project("{2150E333-8FDC-42A3-9474-1A3956D46DE8}") = "samples", "samples", "{5D20AA90-6969-D8BD-9DCD-8634F4692FDA}"
EndProject
Project("{FAE04EC0-301F-11D3-BF4B-00C04F79EFBC}") = "Demo", "samples\Demo\Demo.csproj", "{F7C422DE-3E9E-421B-8C92-4CDE886BEEC8}"
EndProject
Project("{2150E333-8FDC-42A3-9474-1A3956D46DE8}") = "tests", "tests", "{0AB3BF05-4346-4AA6-1389-037BE0695223}"
EndProject
Project("{FAE04EC0-301F-11D3-BF4B-00C04F79EFBC}") = "Stringly.Tests", "tests\Stringly.Tests\Stringly.Tests.csproj", "{47697F3A-DF69-4557-8EF4-B402F5D4E62A}"
EndProject
Project("{FAE04EC0-301F-11D3-BF4B-00C04F79EFBC}") = "Stringly.Emoji", "src\Stringly.Emoji\Stringly.Emoji.csproj", "{1BC11BFF-2EBF-4D5D-8CF9-91E90044ABB1}"
EndProject
Project("{FAE04EC0-301F-11D3-BF4B-00C04F79EFBC}") = "Stringly.Morse", "src\Stringly.Morse\Stringly.Morse.csproj", "{62CF0661-812E-4DED-9D0B-207DF6D36AFF}"
EndProject
Project("{2150E333-8FDC-42A3-9474-1A3956D46DE8}") = "benchmarks", "benchmarks", "{66320409-64EC-F7C5-3DEF-65E7510DAAD1}"
EndProject
Project("{FAE04EC0-301F-11D3-BF4B-00C04F79EFBC}") = "Stringly.Benchmarks", "benchmarks\Stringly.Benchmarks\Stringly.Benchmarks.csproj", "{4D23CD6F-82F8-49FF-B501-C14868CE24C4}"
EndProject
Global
	GlobalSection(SolutionConfigurationPlatforms) = preSolution
		Debug|Any CPU = Debug|Any CPU
		Debug|x64 = Debug|x64
		Debug|x86 = Debug|x86
		Release|Any CPU = Release|Any CPU
		Release|x64 = Release|x64
		Release|x86 = Release|x86
	EndGlobalSection
	GlobalSection(ProjectConfigurationPlatforms) = postSolution
		{A170D0D9-15B1-46A4-9E14-406E3F123887}.Debug|Any CPU.ActiveCfg = Debug|Any CPU
		{A170D0D9-15B1-46A4-9E14-406E3F123887}.Debug|Any CPU.Build.0 = Debug|Any CPU
		{A170D0D9-15B1-46A4-9E14-406E3F123887}.Debug|x64.ActiveCfg = Debug|Any CPU
		{A170D0D9-15B1-46A4-9E14-406E3F123887}.Debug|x64.Build.0 = Debug|Any CPU
		{A170D0D9-15B1-46A4-9E14-406E3F123887}.Debug|x86.ActiveCfg = Debug|Any CPU
		{A170D0D9-15B1-46A4-9E14-406E3F123887}.Debug|x86.Build.0 = Debug|Any CPU
		{A170D0D9-15B1-46A4-9E14-406E3F123887}.Release|Any CPU.ActiveCfg = Release|Any CPU
		{A170D0D9-15B1-46A4-9E14-406E3F123887}.Release|Any CPU.Build.0 = Release|Any CPU
		{A170D0D9-15B1-46A4-9E14-406E3F123887}.Release|x64.ActiveCfg = Release|Any CPU
		{A170D0D9-15B1-46A4-9E14-406E3F123887}.Release|x64.Build.0 = Release|Any CPU
		{A170D0D9-15B1-46A4-9E14-406E3F123887}.Release|x86.ActiveCfg = Release|Any CPU
		{A170D0D9-15B1-46A4-9E14-406E3F123887}.Release|x86.Build.0 = Release|Any CPU
		{B130F6F0-7DA6-4A64-8085-D982E19AF7A3}.Debug|Any CPU.ActiveCfg = Debug|Any CPU
		{B130F6F0-7DA6-4A64-8085-D982E19AF7A3}.Debug|Any CPU.Build.0 = Debug|Any CPU
		{B130F6F0-7DA6-4A64-8085-D982E19AF7A3}.Debug|x64.ActiveCfg = Debug|Any CPU
		{B130F6F0-7DA6-4A64-8085-D982E19AF7A3}.Debug|x64.Build.0 = Debug|Any CPU
		{B130F6F0-7DA6-4A64-8085-D982E19AF7A3}.Debug|x86.ActiveCfg = Debug|Any CPU
		{B130F6F0-7DA6-4A64-8085-D982E19AF7A3}.Debug|x86.Build.0 = Debug|Any CPU
		{B130F6F0-7DA6-4A64-8085-D982E19AF7A3}.Release|Any CPU.ActiveCfg = Release|Any CPU
		{B130F6F0-7DA6-4A64-8085-D982E19AF7A3}.Release|Any CPU.Build.0 = Release|Any CPU
		{B130F6F0-7DA6-4A64-8085-D982E19AF7A3}.Release|x64.ActiveCfg = Release|Any CPU
		{B130F6F0-7DA6-4A64-8085-D982E19AF7A3}.Release|x64.Build.0 = Release|Any CPU
		{B130F6F0-7DA6-4A64-8085-D982E19AF7A3}.Release|x86.ActiveCfg = Release|Any CPU
		{B130F6F0-7DA6-4A64-8085-D982E19AF7A3}.Release|x86.Build.0 = Release|Any CPU
		{DCF513AD-D9BE-4D93-99FA-DEF214A683BB}.Debug|Any CPU.ActiveCfg = Debug|Any CPU
		{DCF513AD-D9BE-4D93-99FA-DEF214A683BB}.Debug|Any CPU.Build.0 = Debug|Any CPU
		{DCF513AD-D9BE-4D93-99FA-DEF214A683BB}.Debug|x64.ActiveCfg = Debug|Any CPU
		{DCF513AD-D9BE-4D93-99FA-DEF214A683BB}.Debug|x64.Build.0 = Debug|Any CPU
		{DCF513AD-D9BE-4D93-99FA-DEF214A683BB}.Debug|x86.ActiveCfg = Debug|Any CPU
		{DCF513AD-D9BE-4D93-99FA-DEF214A683BB}.Debug|x86.Build.0 = Debug|Any CPU
		{DCF513AD-D9BE-4D93-99FA-DEF214A683BB}.Release|Any CPU.ActiveCfg = Release|Any CPU
		{DCF513AD-D9BE-4D93-99FA-DEF214A683BB}.Release|Any CPU.Build.0 = Release|Any CPU
		{DCF513AD-D9BE-4D93-99FA-DEF214A683BB}.Release|x64.ActiveCfg = Release|Any CPU
		{DCF513AD-D9BE-4D93-99FA-DEF214A683BB}.Release|x64.Build.0 = Release|Any CPU
		{DCF513AD-D9BE-4D93-99FA-DEF214A683BB}.Release|x86.ActiveCfg = Release|Any CPU
		{DCF513AD-D9BE-4D93-99FA-DEF214A683BB}.Release|x86.Build.0 = Release|Any CPU
		{F7C422DE-3E9E-421B-8C92-4CDE886BEEC8}.Debug|Any CPU.ActiveCfg = Debug|Any CPU
		{F7C422DE-3E9E-421B-8C92-4CDE886BEEC8}.Debug|Any CPU.Build.0 = Debug|Any CPU
		{F7C422DE-3E9E-421B-8C92-4CDE886BEEC8}.Debug|x64.ActiveCfg = Debug|Any CPU
		{F7C422DE-3E9E-421B-8C92-4CDE886BEEC8}.Debug|x64.Build.0 = Debug|Any CPU
		{F7C422DE-3E9E-421B-8C92-4CDE886BEEC8}.Debug|x86.ActiveCfg = Debug|Any CPU
		{F7C422DE-3E9E-421B-8C92-4CDE886BEEC8}.Debug|x86.Build.0 = Debug|Any CPU
		{F7C422DE-3E9E-421B-8C92-4CDE886BEEC8}.Release|Any CPU.ActiveCfg = Release|Any CPU
		{F7C422DE-3E9E-421B-8C92-4CDE886BEEC8}.Release|Any CPU.Build.0 = Release|Any CPU
		{F7C422DE-3E9E-421B-8C92-4CDE886BEEC8}.Release|x64.ActiveCfg = Release|Any CPU
		{F7C422DE-3E9E-421B-8C92-4CDE886BEEC8}.Release|x64.Build.0 = Release|Any CPU
		{F7C422DE-3E9E-421B-8C92-4CDE886BEEC8}.Release|x86.ActiveCfg = Release|Any CPU
		{F7C422DE-3E9E-421B-8C92-4CDE886BEEC8}.Release|x86.Build.0 = Release|Any CPU
		{47697F3A-DF69-4557-8EF4-B402F5D4E62A}.Debug|Any CPU.ActiveCfg = Debug|Any CPU
		{47697F3A-DF69-4557-8EF4-B402F5D4E62A}.Debug|Any CPU.Build.0 = Debug|Any CPU
		{47697F3A-DF69-4557-8EF4-B402F5D4E62A}.Debug|x64.ActiveCfg = Debug|Any CPU
		{47697F3A-DF69-4557-8EF4-B402F5D4E62A}.Debug|x64.Build.0 = Debug|Any CPU
		{47697F3A-DF69-4557-8EF4-B402F5D4E62A}.Debug|x86.ActiveCfg = Debug|Any CPU
		{47697F3A-DF69-4557-8EF4-B402F5D4E62A}.Debug|x86.Build.0 = Debug|Any CPU
		{47697F3A-DF69-4557-8EF4-B402F5D4E62A}.Release|Any CPU.ActiveCfg = Release|Any CPU
		{47697F3A-DF69-4557-8EF4-B402F5D4E62A}.Release|Any CPU.Build.0 = Release|Any CPU
		{47697F3A-DF69-4557-8EF4-B402F5D4E62A}.Release|x64.ActiveCfg = Release|Any CPU
		{47697F3A-DF69-4557-8EF4-B402F5D4E62A}.Release|x64.Build.0 = Release|Any CPU
		{47697F3A-DF69-4557-8EF4-B402F5D4E62A}.Release|x86.ActiveCfg = Release|Any CPU
		{47697F3A-DF69-4557-8EF4-B402F5D4E62A}.Release|x86.Build.0 = Release|Any CPU
		{1BC11BFF-2EBF-4D5D-8CF9-91E90044ABB1}.Debug|Any CPU.ActiveCfg = Debug|Any CPU
		{1BC11BFF-2EBF-4D5D-8CF9-91E90044ABB1}.Debug|Any CPU.Build.0 = Debug|Any CPU
		{1BC11BFF-2EBF-4D5D-8CF9-91E90044ABB1}.Debug|x64.ActiveCfg = Debug|Any CPU
		{1BC11BFF-2EBF-4D5D-8CF9-91E90044ABB1}.Debug|x64.Build.0 = Debug|Any CPU
		{1BC11BFF-2EBF-4D5D-8CF9-91E90044ABB1}.Debug|x86.ActiveCfg = Debug|Any CPU
		{1BC11BFF-2EBF-4D5D-8CF9-91E90044ABB1}.Debug|x86.Build.0 = Debug|Any CPU
		{1BC11BFF-2EBF-4D5D-8CF9-91E90044ABB1}.Release|Any CPU.ActiveCfg = Release|Any CPU
		{1BC11BFF-2EBF-4D5D-8CF9-91E90044ABB1}.Release|Any CPU.Build.0 = Release|Any CPU
		{1BC11BFF-2EBF-4D5D-8CF9-91E90044ABB1}.Release|x64.ActiveCfg = Release|Any CPU
		{1BC11BFF-2EBF-4D5D-8CF9-91E90044ABB1}.Release|x64.Build.0 = Release|Any CPU
		{1BC11BFF-2EBF-4D5D-8CF9-91E90044ABB1}.Release|x86.ActiveCfg = Release|Any CPU
		{1BC11BFF-2EBF-4D5D-8CF9-91E90044ABB1}.Release|x86.Build.0 = Release|Any CPU
		{62CF0661-812E-4DED-9D0B-207DF6D36AFF}.Debug|Any CPU.ActiveCfg = Debug|Any CPU
		{62CF0661-812E-4DED-9D0B-207DF6D36AFF}.Debug|Any CPU.Build.0 = Debug|Any CPU
		{62CF0661-812E-4DED-9D0B-207DF6D36AFF}.Debug|x64.ActiveCfg = Debug|Any CPU
		{62CF0661-812E-4DED-9D0B-207DF6D36AFF}.Debug|x64.Build.0 = Debug|Any CPU
		{62CF0661-812E-4DED-9D0B-207DF6D36AFF}.Debug|x86.ActiveCfg = Debug|Any CPU
		{62CF0661-812E-4DED-9D0B-207DF6D36AFF}.Debug|x86.Build.0 = Debug|Any CPU
		{62CF0661-812E-4DED-9D0B-207DF6D36AFF}.Release|Any CPU.ActiveCfg = Release|Any CPU
		{62CF0661-812E-4DED-9D0B-207DF6D36AFF}.Release|Any CPU.Build.0 = Release|Any CPU
		{62CF0661-812E-4DED-9D0B-207DF6D36AFF}.Release|x64.ActiveCfg = Release|Any CPU
		{62CF0661-812E-4DED-9D0B-207DF6D36AFF}.Release|x64.Build.0 = Release|Any CPU
		{62CF0661-812E-4DED-9D0B-207DF6D36AFF}.Release|x86.ActiveCfg = Release|Any CPU
		{62CF0661-812E-4DED-9D0B-207DF6D36AFF}.Release|x86.Build.0 = Release|Any CPU
		{4D23CD6F-82F8-49FF-B501-C14868CE24C4}.Debug|Any CPU.ActiveCfg = Debug|Any CPU
		{4D23CD6F-82F8-49FF-B501-C14868CE24C4}.Debug|Any CPU.Build.0 = Debug|Any CPU
		{4D23CD6F-82F8-49FF-B501-C14868CE24C4}.Debug|x64.ActiveCfg = Debug|Any CPU
		{4D23CD6F-82F8-49FF-B501-C14868CE24C4}.Debug|x64.Build.0 = Debug|Any CPU
		{4D23CD6F-82F8-49FF-B501-C14868CE24C4}.Debug|x86.ActiveCfg = Debug|Any CPU
		{4D23CD6F-82F8-49FF-B501-C14868CE24C4}.Debug|x86.Build.0 = Debug|Any CPU
		{4D23CD6F-82F8-49FF-B501-C14868CE24C4}.Release|Any CPU.ActiveCfg = Release|Any CPU
		{4D23CD6F-82F8-49FF-B501-C14868CE24C4}.Release|Any CPU.Build.0 = Release|Any CPU
		{4D23CD6F-82F8-49FF-B501-C14868CE24C4}.Release|x64.ActiveCfg = Release|Any CPU
		{4D23CD6F-82F8-49FF-B501-C14868CE24C4}.Release|x64.Build.0 = Release|Any CPU
		{4D23CD6F-82F8-49FF-B501-C14868CE24C4}.Release|x86.ActiveCfg = Release|Any CPU
		{4D23CD6F-82F8-49FF-B501-C14868CE24C4}.Release|x86.Build.0 = Release|Any CPU
	EndGlobalSection
	GlobalSection(SolutionProperties) = preSolution
		HideSolutionNode = FALSE
	EndGlobalSection
	GlobalSection(NestedProjects) = preSolution
		{A170D0D9-15B1-46A4-9E14-406E3F123887} = {827E0CD3-B72D-47B6-A68D-7590B98EB39B}
		{B130F6F0-7DA6-4A64-8085-D982E19AF7A3} = {827E0CD3-B72D-47B6-A68D-7590B98EB39B}
		{DCF513AD-D9BE-4D93-99FA-DEF214A683BB} = {827E0CD3-B72D-47B6-A68D-7590B98EB39B}
		{F7C422DE-3E9E-421B-8C92-4CDE886BEEC8} = {5D20AA90-6969-D8BD-9DCD-8634F4692FDA}
		{47697F3A-DF69-4557-8EF4-B402F5D4E62A} = {0AB3BF05-4346-4AA6-1389-037BE0695223}
		{1BC11BFF-2EBF-4D5D-8CF9-91E90044ABB1} = {827E0CD3-B72D-47B6-A68D-7590B98EB39B}
		{62CF0661-812E-4DED-9D0B-207DF6D36AFF} = {827E0CD3-B72D-47B6-A68D-7590B98EB39B}
		{4D23CD6F-82F8-49FF-B501-C14868CE24C4} = {66320409-64EC-F7C5-3DEF-65E7510DAAD1}
	EndGlobalSection
EndGlobal
